FORGE
  remote: http://forge.puppetlabs.com
  specs:
    example42/firewall (2.1.3)
      example42/iptables (>= 2.0.0)
      example42/puppi (>= 2.0.0)
    example42/iptables (2.1.3)
      example42/puppi (>= 2.0.0)
      puppetlabs/concat (>= 1.0.0)
      puppetlabs/stdlib (>= 4.1.0)
    example42/monitor (2.0.1)
      example42/puppi (>= 2.0.0)
    example42/puppi (2.1.9)
    puppetlabs/concat (1.1.0)
      puppetlabs/stdlib (>= 4.0.0)
    puppetlabs/stdlib (4.2.2)

GIT
  remote: https://github.com/netmanagers/puppet-bacula.git
  ref: master
  sha: 62c1fba6f724550fb7556b5979281510b04b9e32
  specs:
    netmanagers/bacula (1.1.0)
      example42/firewall (>= 2.0.0)
      example42/monitor (>= 2.0.0)
      example42/puppi (>= 2.0.0)
      puppetlabs/stdlib (>= 2.2.0)

DEPENDENCIES
  netmanagers/bacula (>= 0)

